
Microsoft Visual Studio Solution File, Format Version 12.00
# Visual Studio Express 2013 for Windows Desktop
VisualStudioVersion = 12.0.30110.0
MinimumVisualStudioVersion = 10.0.40219.1
Project("{FAE04EC0-301F-11D3-BF4B-00C04F79EFBC}") = "HandyUtilConsole", "HandyUtilConsole\HandyUtilConsole.csproj", "{70829527-D25C-450B-895B-E4585A3ADCDC}"
EndProject
Project("{FAE04EC0-301F-11D3-BF4B-00C04F79EFBC}") = "HandyUtil.TextTest", "HandyUtil.TextTest\HandyUtil.TextTest.csproj", "{2D4DB5E0-A836-4C7E-A9B7-BE52F621AE3B}"
EndProject
Project("{FAE04EC0-301F-11D3-BF4B-00C04F79EFBC}") = "HandyUtil.Text", "HandyUtil.Text\HandyUtil.Text.csproj", "{730DCFF5-73A3-453F-B087-EAFEF1BBA1F7}"
EndProject
Project("{FAE04EC0-301F-11D3-BF4B-00C04F79EFBC}") = "HandyUtil.ExtensionsTest", "HandyUtil.ExtensionsTest\HandyUtil.ExtensionsTest.csproj", "{A26DAA31-2358-4928-B723-0962C3BE2FB5}"
EndProject
Project("{FAE04EC0-301F-11D3-BF4B-00C04F79EFBC}") = "HandyUtil.Extensions", "HandyUtil.Extensions\HandyUtil.Extensions.csproj", "{74BC3A81-685C-4CA5-9BCB-5DFEC8BC1B89}"
EndProject
Project("{FAE04EC0-301F-11D3-BF4B-00C04F79EFBC}") = "net35.HandyUtil.Text", "net35\net35.HandyUtil.Text\net35.HandyUtil.Text.csproj", "{44FBF8C2-6BE0-4CC9-B8D1-9DB571E48278}"
EndProject
Project("{FAE04EC0-301F-11D3-BF4B-00C04F79EFBC}") = "net35.HandyUtil.Extensions", "net35\net35.HandyUtil.Extensions\net35.HandyUtil.Extensions.csproj", "{6DB12825-2751-4204-9022-0D45B9CD3DE7}"
EndProject
Project("{FAE04EC0-301F-11D3-BF4B-00C04F79EFBC}") = "net35.HandyUtil.ExtensionsTest", "net35\net35.HandyUtil.ExtensionsTest\net35.HandyUtil.ExtensionsTest.csproj", "{F2536FA1-6D9F-48BD-9C4A-B2142C9F79DA}"
EndProject
Project("{FAE04EC0-301F-11D3-BF4B-00C04F79EFBC}") = "net35.HandyUtil.TextTest", "net35\net35.HandyUtil.TextTest\net35.HandyUtil.TextTest.csproj", "{734ED2D4-D092-4A10-A0B4-75935DAE9E35}"
EndProject
Global
	GlobalSection(SolutionConfigurationPlatforms) = preSolution
		Debug|Any CPU = Debug|Any CPU
		Release|Any CPU = Release|Any CPU
	EndGlobalSection
	GlobalSection(ProjectConfigurationPlatforms) = postSolution
		{70829527-D25C-450B-895B-E4585A3ADCDC}.Debug|Any CPU.ActiveCfg = Debug|Any CPU
		{70829527-D25C-450B-895B-E4585A3ADCDC}.Debug|Any CPU.Build.0 = Debug|Any CPU
		{70829527-D25C-450B-895B-E4585A3ADCDC}.Release|Any CPU.ActiveCfg = Release|Any CPU
		{70829527-D25C-450B-895B-E4585A3ADCDC}.Release|Any CPU.Build.0 = Release|Any CPU
		{2D4DB5E0-A836-4C7E-A9B7-BE52F621AE3B}.Debug|Any CPU.ActiveCfg = Debug|Any CPU
		{2D4DB5E0-A836-4C7E-A9B7-BE52F621AE3B}.Debug|Any CPU.Build.0 = Debug|Any CPU
		{2D4DB5E0-A836-4C7E-A9B7-BE52F621AE3B}.Release|Any CPU.ActiveCfg = Release|Any CPU
		{2D4DB5E0-A836-4C7E-A9B7-BE52F621AE3B}.Release|Any CPU.Build.0 = Release|Any CPU
		{730DCFF5-73A3-453F-B087-EAFEF1BBA1F7}.Debug|Any CPU.ActiveCfg = Debug|Any CPU
		{730DCFF5-73A3-453F-B087-EAFEF1BBA1F7}.Debug|Any CPU.Build.0 = Debug|Any CPU
		{730DCFF5-73A3-453F-B087-EAFEF1BBA1F7}.Release|Any CPU.ActiveCfg = Release|Any CPU
		{730DCFF5-73A3-453F-B087-EAFEF1BBA1F7}.Release|Any CPU.Build.0 = Release|Any CPU
		{A26DAA31-2358-4928-B723-0962C3BE2FB5}.Debug|Any CPU.ActiveCfg = Debug|Any CPU
		{A26DAA31-2358-4928-B723-0962C3BE2FB5}.Debug|Any CPU.Build.0 = Debug|Any CPU
		{A26DAA31-2358-4928-B723-0962C3BE2FB5}.Release|Any CPU.ActiveCfg = Release|Any CPU
		{A26DAA31-2358-4928-B723-0962C3BE2FB5}.Release|Any CPU.Build.0 = Release|Any CPU
		{74BC3A81-685C-4CA5-9BCB-5DFEC8BC1B89}.Debug|Any CPU.ActiveCfg = Debug|Any CPU
		{74BC3A81-685C-4CA5-9BCB-5DFEC8BC1B89}.Debug|Any CPU.Build.0 = Debug|Any CPU
		{74BC3A81-685C-4CA5-9BCB-5DFEC8BC1B89}.Release|Any CPU.ActiveCfg = Release|Any CPU
		{74BC3A81-685C-4CA5-9BCB-5DFEC8BC1B89}.Release|Any CPU.Build.0 = Release|Any CPU
		{44FBF8C2-6BE0-4CC9-B8D1-9DB571E48278}.Debug|Any CPU.ActiveCfg = Debug|Any CPU
		{44FBF8C2-6BE0-4CC9-B8D1-9DB571E48278}.Debug|Any CPU.Build.0 = Debug|Any CPU
		{44FBF8C2-6BE0-4CC9-B8D1-9DB571E48278}.Release|Any CPU.ActiveCfg = Release|Any CPU
		{44FBF8C2-6BE0-4CC9-B8D1-9DB571E48278}.Release|Any CPU.Build.0 = Release|Any CPU
		{6DB12825-2751-4204-9022-0D45B9CD3DE7}.Debug|Any CPU.ActiveCfg = Debug|Any CPU
		{6DB12825-2751-4204-9022-0D45B9CD3DE7}.Debug|Any CPU.Build.0 = Debug|Any CPU
		{6DB12825-2751-4204-9022-0D45B9CD3DE7}.Release|Any CPU.ActiveCfg = Release|Any CPU
		{6DB12825-2751-4204-9022-0D45B9CD3DE7}.Release|Any CPU.Build.0 = Release|Any CPU
		{F2536FA1-6D9F-48BD-9C4A-B2142C9F79DA}.Debug|Any CPU.ActiveCfg = Debug|Any CPU
		{F2536FA1-6D9F-48BD-9C4A-B2142C9F79DA}.Debug|Any CPU.Build.0 = Debug|Any CPU
		{F2536FA1-6D9F-48BD-9C4A-B2142C9F79DA}.Release|Any CPU.ActiveCfg = Release|Any CPU
		{F2536FA1-6D9F-48BD-9C4A-B2142C9F79DA}.Release|Any CPU.Build.0 = Release|Any CPU
		{734ED2D4-D092-4A10-A0B4-75935DAE9E35}.Debug|Any CPU.ActiveCfg = Debug|Any CPU
		{734ED2D4-D092-4A10-A0B4-75935DAE9E35}.Debug|Any CPU.Build.0 = Debug|Any CPU
		{734ED2D4-D092-4A10-A0B4-75935DAE9E35}.Release|Any CPU.ActiveCfg = Release|Any CPU
		{734ED2D4-D092-4A10-A0B4-75935DAE9E35}.Release|Any CPU.Build.0 = Release|Any CPU
	EndGlobalSection
	GlobalSection(SolutionProperties) = preSolution
		HideSolutionNode = FALSE
	EndGlobalSection
EndGlobal
